// !$*UTF8*$!
{
	archiveVersion = 1;
	classes = {
	};
	objectVersion = 46;
	objects = {

/* Begin PBXBuildFile section */
		3DE0C2F01A493D0900B7133F /* EasyLink.h in CopyFiles */ = {isa = PBXBuildFile; fileRef = 3DE0C2EF1A493D0900B7133F /* EasyLink.h */; };
		3DE0C2F21A493D0900B7133F /* EasyLink.m in Sources */ = {isa = PBXBuildFile; fileRef = 3DE0C2F11A493D0900B7133F /* EasyLink.m */; };
		3DEB95281BF3280A0005C635 /* ELAsyncSocket.m in Sources */ = {isa = PBXBuildFile; fileRef = 3DEB95251BF3280A0005C635 /* ELAsyncSocket.m */; };
		3DEB95291BF3280A0005C635 /* ELAsyncUdpSocket.m in Sources */ = {isa = PBXBuildFile; fileRef = 3DEB95271BF3280A0005C635 /* ELAsyncUdpSocket.m */; };
		3DEB952C1BF32B070005C635 /* ELReachability.m in Sources */ = {isa = PBXBuildFile; fileRef = 3DEB952B1BF32B070005C635 /* ELReachability.m */; };
		8356E5AD508AEF008CE0D7BD /* libPods-EasyLink.a in Frameworks */ = {isa = PBXBuildFile; fileRef = 1CE13BA7CAE2B3474661AE4B /* libPods-EasyLink.a */; };
/* End PBXBuildFile section */

/* Begin PBXCopyFilesBuildPhase section */
		3DE0C2EA1A493D0900B7133F /* CopyFiles */ = {
			isa = PBXCopyFilesBuildPhase;
			buildActionMask = 2147483647;
			dstPath = "include/$(PRODUCT_NAME)";
			dstSubfolderSpec = 16;
			files = (
				3DE0C2F01A493D0900B7133F /* EasyLink.h in CopyFiles */,
			);
			runOnlyForDeploymentPostprocessing = 0;
		};
/* End PBXCopyFilesBuildPhase section */

/* Begin PBXFileReference section */
		16026BA992F1372FD6DC3392 /* Pods-EasyLink.debug.xcconfig */ = {isa = PBXFileReference; includeInIndex = 1; lastKnownFileType = text.xcconfig; name = "Pods-EasyLink.debug.xcconfig"; path = "Target Support Files/Pods-EasyLink/Pods-EasyLink.debug.xcconfig"; sourceTree = "<group>"; };
		1CE13BA7CAE2B3474661AE4B /* libPods-EasyLink.a */ = {isa = PBXFileReference; explicitFileType = archive.ar; includeInIndex = 0; path = "libPods-EasyLink.a"; sourceTree = BUILT_PRODUCTS_DIR; };
		3DE0C2EC1A493D0900B7133F /* libEasyLink.a */ = {isa = PBXFileReference; explicitFileType = archive.ar; includeInIndex = 0; path = libEasyLink.a; sourceTree = BUILT_PRODUCTS_DIR; };
		3DE0C2EF1A493D0900B7133F /* EasyLink.h */ = {isa = PBXFileReference; lastKnownFileType = sourcecode.c.h; path = EasyLink.h; sourceTree = "<group>"; };
		3DE0C2F11A493D0900B7133F /* EasyLink.m */ = {isa = PBXFileReference; lastKnownFileType = sourcecode.c.objc; path = EasyLink.m; sourceTree = "<group>"; };
		3DE0C2FD1A493D0A00B7133F /* Info.plist */ = {isa = PBXFileReference; lastKnownFileType = text.plist.xml; path = Info.plist; sourceTree = "<group>"; };
		3DEB95241BF3280A0005C635 /* ELAsyncSocket.h */ = {isa = PBXFileReference; fileEncoding = 4; lastKnownFileType = sourcecode.c.h; path = ELAsyncSocket.h; sourceTree = "<group>"; };
		3DEB95251BF3280A0005C635 /* ELAsyncSocket.m */ = {isa = PBXFileReference; fileEncoding = 4; lastKnownFileType = sourcecode.c.objc; path = ELAsyncSocket.m; sourceTree = "<group>"; };
		3DEB95261BF3280A0005C635 /* ELAsyncUdpSocket.h */ = {isa = PBXFileReference; fileEncoding = 4; lastKnownFileType = sourcecode.c.h; path = ELAsyncUdpSocket.h; sourceTree = "<group>"; };
		3DEB95271BF3280A0005C635 /* ELAsyncUdpSocket.m */ = {isa = PBXFileReference; fileEncoding = 4; lastKnownFileType = sourcecode.c.objc; path = ELAsyncUdpSocket.m; sourceTree = "<group>"; };
		3DEB952A1BF32B070005C635 /* ELReachability.h */ = {isa = PBXFileReference; fileEncoding = 4; lastKnownFileType = sourcecode.c.h; path = ELReachability.h; sourceTree = "<group>"; };
		3DEB952B1BF32B070005C635 /* ELReachability.m */ = {isa = PBXFileReference; fileEncoding = 4; lastKnownFileType = sourcecode.c.objc; path = ELReachability.m; sourceTree = "<group>"; };
		98E49D444AE250F36554C7D8 /* Pods-EasyLink.release.xcconfig */ = {isa = PBXFileReference; includeInIndex = 1; lastKnownFileType = text.xcconfig; name = "Pods-EasyLink.release.xcconfig"; path = "Target Support Files/Pods-EasyLink/Pods-EasyLink.release.xcconfig"; sourceTree = "<group>"; };
/* End PBXFileReference section */

/* Begin PBXFrameworksBuildPhase section */
		3DE0C2E91A493D0900B7133F /* Frameworks */ = {
			isa = PBXFrameworksBuildPhase;
			buildActionMask = 2147483647;
			files = (
				8356E5AD508AEF008CE0D7BD /* libPods-EasyLink.a in Frameworks */,
			);
			runOnlyForDeploymentPostprocessing = 0;
		};
/* End PBXFrameworksBuildPhase section */

/* Begin PBXGroup section */
		3DE0C2E31A493D0900B7133F = {
			isa = PBXGroup;
			children = (
				3DEB950A1BF3265A0005C635 /* 3rd Party libraries */,
				3DE0C2EE1A493D0900B7133F /* EasyLink */,
				3DE0C2FB1A493D0A00B7133F /* EasyLinkTests */,
				3DE0C2ED1A493D0900B7133F /* Products */,
				F66F5BE84CE85951E0349F60 /* Pods */,
				B92FC16857CC8C496AC6F95A /* Frameworks */,
			);
			sourceTree = "<group>";
		};
		3DE0C2ED1A493D0900B7133F /* Products */ = {
			isa = PBXGroup;
			children = (
				3DE0C2EC1A493D0900B7133F /* libEasyLink.a */,
			);
			name = Products;
			sourceTree = "<group>";
		};
		3DE0C2EE1A493D0900B7133F /* EasyLink */ = {
			isa = PBXGroup;
			children = (
				3DE0C2EF1A493D0900B7133F /* EasyLink.h */,
				3DE0C2F11A493D0900B7133F /* EasyLink.m */,
			);
			path = EasyLink;
			sourceTree = "<group>";
		};
		3DE0C2FB1A493D0A00B7133F /* EasyLinkTests */ = {
			isa = PBXGroup;
			children = (
				3DE0C2FC1A493D0A00B7133F /* Supporting Files */,
			);
			path = EasyLinkTests;
			sourceTree = "<group>";
		};
		3DE0C2FC1A493D0A00B7133F /* Supporting Files */ = {
			isa = PBXGroup;
			children = (
				3DE0C2FD1A493D0A00B7133F /* Info.plist */,
			);
			name = "Supporting Files";
			sourceTree = "<group>";
		};
		3DEB950A1BF3265A0005C635 /* 3rd Party libraries */ = {
			isa = PBXGroup;
			children = (
				3DEB950B1BF326D30005C635 /* ELCocoaAsyncSocket */,
				3DEB95191BF326D30005C635 /* ELReachability */,
			);
			name = "3rd Party libraries";
			path = EasyLink;
			sourceTree = "<group>";
		};
		3DEB950B1BF326D30005C635 /* ELCocoaAsyncSocket */ = {
			isa = PBXGroup;
			children = (
				3DEB95241BF3280A0005C635 /* ELAsyncSocket.h */,
				3DEB95251BF3280A0005C635 /* ELAsyncSocket.m */,
				3DEB95261BF3280A0005C635 /* ELAsyncUdpSocket.h */,
				3DEB95271BF3280A0005C635 /* ELAsyncUdpSocket.m */,
			);
			path = ELCocoaAsyncSocket;
			sourceTree = "<group>";
		};
		3DEB95191BF326D30005C635 /* ELReachability */ = {
			isa = PBXGroup;
			children = (
				3DEB952A1BF32B070005C635 /* ELReachability.h */,
				3DEB952B1BF32B070005C635 /* ELReachability.m */,
			);
			path = ELReachability;
			sourceTree = "<group>";
		};
		B92FC16857CC8C496AC6F95A /* Frameworks */ = {
			isa = PBXGroup;
			children = (
				1CE13BA7CAE2B3474661AE4B /* libPods-EasyLink.a */,
			);
			name = Frameworks;
			sourceTree = "<group>";
		};
		F66F5BE84CE85951E0349F60 /* Pods */ = {
			isa = PBXGroup;
			children = (
				16026BA992F1372FD6DC3392 /* Pods-EasyLink.debug.xcconfig */,
				98E49D444AE250F36554C7D8 /* Pods-EasyLink.release.xcconfig */,
			);
			path = Pods;
			sourceTree = "<group>";
		};
/* End PBXGroup section */

/* Begin PBXNativeTarget section */
		3DE0C2EB1A493D0900B7133F /* EasyLink */ = {
			isa = PBXNativeTarget;
			buildConfigurationList = 3DE0C3001A493D0A00B7133F /* Build configuration list for PBXNativeTarget "EasyLink" */;
			buildPhases = (
				5AB69ABB1BE610224F6C3C49 /* [CP] Check Pods Manifest.lock */,
				3DE0C2E81A493D0900B7133F /* Sources */,
				3DE0C2E91A493D0900B7133F /* Frameworks */,
				3DE0C2EA1A493D0900B7133F /* CopyFiles */,
			);
			buildRules = (
			);
			dependencies = (
			);
			name = EasyLink;
			productName = EasyLink;
			productReference = 3DE0C2EC1A493D0900B7133F /* libEasyLink.a */;
			productType = "com.apple.product-type.library.static";
		};
/* End PBXNativeTarget section */

/* Begin PBXProject section */
		3DE0C2E41A493D0900B7133F /* Project object */ = {
			isa = PBXProject;
			attributes = {
				LastUpgradeCheck = 1200;
				ORGANIZATIONNAME = "MXCHIP Inc";
				TargetAttributes = {
					3DE0C2EB1A493D0900B7133F = {
						CreatedOnToolsVersion = 6.1.1;
					};
				};
			};
			buildConfigurationList = 3DE0C2E71A493D0900B7133F /* Build configuration list for PBXProject "EasyLink" */;
			compatibilityVersion = "Xcode 3.2";
			developmentRegion = English;
			hasScannedForEncodings = 0;
			knownRegions = (
				English,
				en,
			);
			mainGroup = 3DE0C2E31A493D0900B7133F;
			productRefGroup = 3DE0C2ED1A493D0900B7133F /* Products */;
			projectDirPath = "";
			projectRoot = "";
			targets = (
				3DE0C2EB1A493D0900B7133F /* EasyLink */,
			);
		};
/* End PBXProject section */

/* Begin PBXShellScriptBuildPhase section */
		5AB69ABB1BE610224F6C3C49 /* [CP] Check Pods Manifest.lock */ = {
			isa = PBXShellScriptBuildPhase;
			buildActionMask = 2147483647;
			files = (
			);
			inputFileListPaths = (
			);
			inputPaths = (
				"${PODS_PODFILE_DIR_PATH}/Podfile.lock",
				"${PODS_ROOT}/Manifest.lock",
			);
			name = "[CP] Check Pods Manifest.lock";
			outputFileListPaths = (
			);
			outputPaths = (
				"$(DERIVED_FILE_DIR)/Pods-EasyLink-checkManifestLockResult.txt",
			);
			runOnlyForDeploymentPostprocessing = 0;
			shellPath = /bin/sh;
			shellScript = "diff \"${PODS_PODFILE_DIR_PATH}/Podfile.lock\" \"${PODS_ROOT}/Manifest.lock\" > /dev/null\nif [ $? != 0 ] ; then\n    # print error to STDERR\n    echo \"error: The sandbox is not in sync with the Podfile.lock. Run 'pod install' or update your CocoaPods installation.\" >&2\n    exit 1\nfi\n# This output is used by Xcode 'outputs' to avoid re-running this script phase.\necho \"SUCCESS\" > \"${SCRIPT_OUTPUT_FILE_0}\"\n";
			showEnvVarsInLog = 0;
		};
/* End PBXShellScriptBuildPhase section */

/* Begin PBXSourcesBuildPhase section */
		3DE0C2E81A493D0900B7133F /* Sources */ = {
			isa = PBXSourcesBuildPhase;
			buildActionMask = 2147483647;
			files = (
				3DEB95291BF3280A0005C635 /* ELAsyncUdpSocket.m in Sources */,
				3DEB95281BF3280A0005C635 /* ELAsyncSocket.m in Sources */,
				3DEB952C1BF32B070005C635 /* ELReachability.m in Sources */,
				3DE0C2F21A493D0900B7133F /* EasyLink.m in Sources */,
			);
			runOnlyForDeploymentPostprocessing = 0;
		};
/* End PBXSourcesBuildPhase section */

/* Begin XCBuildConfiguration section */
		3DE0C2FE1A493D0A00B7133F /* Debug */ = {
			isa = XCBuildConfiguration;
			buildSettings = {
				ALWAYS_SEARCH_USER_PATHS = NO;
				CLANG_ANALYZER_LOCALIZABILITY_NONLOCALIZED = YES;
				CLANG_CXX_LANGUAGE_STANDARD = "gnu++0x";
				CLANG_CXX_LIBRARY = "libc++";
				CLANG_ENABLE_MODULES = YES;
				CLANG_ENABLE_OBJC_ARC = YES;
				CLANG_WARN_BLOCK_CAPTURE_AUTORELEASING = YES;
				CLANG_WARN_BOOL_CONVERSION = YES;
				CLANG_WARN_COMMA = YES;
				CLANG_WARN_CONSTANT_CONVERSION = YES;
				CLANG_WARN_DEPRECATED_OBJC_IMPLEMENTATIONS = YES;
				CLANG_WARN_DIRECT_OBJC_ISA_USAGE = YES_ERROR;
				CLANG_WARN_EMPTY_BODY = YES;
				CLANG_WARN_ENUM_CONVERSION = YES;
				CLANG_WARN_INFINITE_RECURSION = YES;
				CLANG_WARN_INT_CONVERSION = YES;
				CLANG_WARN_NON_LITERAL_NULL_CONVERSION = YES;
				CLANG_WARN_OBJC_IMPLICIT_RETAIN_SELF = YES;
				CLANG_WARN_OBJC_LITERAL_CONVERSION = YES;
				CLANG_WARN_OBJC_ROOT_CLASS = YES_ERROR;
				CLANG_WARN_QUOTED_INCLUDE_IN_FRAMEWORK_HEADER = YES;
				CLANG_WARN_RANGE_LOOP_ANALYSIS = YES;
				CLANG_WARN_STRICT_PROTOTYPES = YES;
				CLANG_WARN_SUSPICIOUS_MOVE = YES;
				CLANG_WARN_UNREACHABLE_CODE = YES;
				CLANG_WARN__DUPLICATE_METHOD_MATCH = YES;
				COPY_PHASE_STRIP = NO;
				ENABLE_STRICT_OBJC_MSGSEND = YES;
				ENABLE_TESTABILITY = YES;
				GCC_C_LANGUAGE_STANDARD = gnu99;
				GCC_DYNAMIC_NO_PIC = NO;
				GCC_NO_COMMON_BLOCKS = YES;
				GCC_OPTIMIZATION_LEVEL = 0;
				GCC_PREPROCESSOR_DEFINITIONS = (
					"DEBUG=1",
					"$(inherited)",
				);
				GCC_SYMBOLS_PRIVATE_EXTERN = NO;
				GCC_WARN_64_TO_32_BIT_CONVERSION = YES;
				GCC_WARN_ABOUT_RETURN_TYPE = YES_ERROR;
				GCC_WARN_UNDECLARED_SELECTOR = YES;
				GCC_WARN_UNINITIALIZED_AUTOS = YES_AGGRESSIVE;
				GCC_WARN_UNUSED_FUNCTION = YES;
				GCC_WARN_UNUSED_VARIABLE = YES;
				IPHONEOS_DEPLOYMENT_TARGET = 12.0;
				MTL_ENABLE_DEBUG_INFO = YES;
				ONLY_ACTIVE_ARCH = YES;
				OTHER_CFLAGS = "-fembed-bitcode";
				SDKROOT = iphoneos;
			};
			name = Debug;
		};
		3DE0C2FF1A493D0A00B7133F /* Release */ = {
			isa = XCBuildConfiguration;
			buildSettings = {
				ALWAYS_SEARCH_USER_PATHS = NO;
				CLANG_ANALYZER_LOCALIZABILITY_NONLOCALIZED = YES;
				CLANG_CXX_LANGUAGE_STANDARD = "gnu++0x";
				CLANG_CXX_LIBRARY = "libc++";
				CLANG_ENABLE_MODULES = YES;
				CLANG_ENABLE_OBJC_ARC = YES;
				CLANG_WARN_BLOCK_CAPTURE_AUTORELEASING = YES;
				CLANG_WARN_BOOL_CONVERSION = YES;
				CLANG_WARN_COMMA = YES;
				CLANG_WARN_CONSTANT_CONVERSION = YES;
				CLANG_WARN_DEPRECATED_OBJC_IMPLEMENTATIONS = YES;
				CLANG_WARN_DIRECT_OBJC_ISA_USAGE = YES_ERROR;
				CLANG_WARN_EMPTY_BODY = YES;
				CLANG_WARN_ENUM_CONVERSION = YES;
				CLANG_WARN_INFINITE_RECURSION = YES;
				CLANG_WARN_INT_CONVERSION = YES;
				CLANG_WARN_NON_LITERAL_NULL_CONVERSION = YES;
				CLANG_WARN_OBJC_IMPLICIT_RETAIN_SELF = YES;
				CLANG_WARN_OBJC_LITERAL_CONVERSION = YES;
				CLANG_WARN_OBJC_ROOT_CLASS = YES_ERROR;
				CLANG_WARN_QUOTED_INCLUDE_IN_FRAMEWORK_HEADER = YES;
				CLANG_WARN_RANGE_LOOP_ANALYSIS = YES;
				CLANG_WARN_STRICT_PROTOTYPES = YES;
				CLANG_WARN_SUSPICIOUS_MOVE = YES;
				CLANG_WARN_UNREACHABLE_CODE = YES;
				CLANG_WARN__DUPLICATE_METHOD_MATCH = YES;
				COPY_PHASE_STRIP = YES;
				ENABLE_NS_ASSERTIONS = NO;
				ENABLE_STRICT_OBJC_MSGSEND = YES;
				GCC_C_LANGUAGE_STANDARD = gnu99;
				GCC_NO_COMMON_BLOCKS = YES;
				GCC_WARN_64_TO_32_BIT_CONVERSION = YES;
				GCC_WARN_ABOUT_RETURN_TYPE = YES_ERROR;
				GCC_WARN_UNDECLARED_SELECTOR = YES;
				GCC_WARN_UNINITIALIZED_AUTOS = YES_AGGRESSIVE;
				GCC_WARN_UNUSED_FUNCTION = YES;
				GCC_WARN_UNUSED_VARIABLE = YES;
				IPHONEOS_DEPLOYMENT_TARGET = 12.0;
				MTL_ENABLE_DEBUG_INFO = NO;
				OTHER_CFLAGS = "-fembed-bitcode";
				SDKROOT = iphoneos;
				VALIDATE_PRODUCT = YES;
			};
			name = Release;
		};
		3DE0C3011A493D0A00B7133F /* Debug */ = {
			isa = XCBuildConfiguration;
			baseConfigurationReference = 16026BA992F1372FD6DC3392 /* Pods-EasyLink.debug.xcconfig */;
			buildSettings = {
				MTL_ENABLE_DEBUG_INFO = "$(inherited)";
				ONLY_ACTIVE_ARCH = NO;
				PODS_ROOT = "$(inherited)";
				PRODUCT_NAME = "$(TARGET_NAME)";
				SKIP_INSTALL = YES;
				VALID_ARCHS = "arm64 armv7 armv7s";
			};
			name = Debug;
		};
		3DE0C3021A493D0A00B7133F /* Release */ = {
			isa = XCBuildConfiguration;
			baseConfigurationReference = 98E49D444AE250F36554C7D8 /* Pods-EasyLink.release.xcconfig */;
			buildSettings = {
				MTL_ENABLE_DEBUG_INFO = "$(inherited)";
				PODS_ROOT = "$(inherited)";
				PRODUCT_NAME = "$(TARGET_NAME)";
				SKIP_INSTALL = YES;
				VALID_ARCHS = "arm64 armv7 armv7s";
			};
			name = Release;
		};
/* End XCBuildConfiguration section */

/* Begin XCConfigurationList section */
		3DE0C2E71A493D0900B7133F /* Build configuration list for PBXProject "EasyLink" */ = {
			isa = XCConfigurationList;
			buildConfigurations = (
				3DE0C2FE1A493D0A00B7133F /* Debug */,
				3DE0C2FF1A493D0A00B7133F /* Release */,
			);
			defaultConfigurationIsVisible = 0;
			defaultConfigurationName = Release;
		};
		3DE0C3001A493D0A00B7133F /* Build configuration list for PBXNativeTarget "EasyLink" */ = {
			isa = XCConfigurationList;
			buildConfigurations = (
				3DE0C3011A493D0A00B7133F /* Debug */,
				3DE0C3021A493D0A00B7133F /* Release */,
			);
			defaultConfigurationIsVisible = 0;
			defaultConfigurationName = Release;
		};
/* End XCConfigurationList section */
	};
	rootObject = 3DE0C2E41A493D0900B7133F /* Project object */;
}
